// !$*UTF8*$!
{
	archiveVersion = 1;
	classes = {
	};
	objectVersion = 46;
	objects = {

/* Begin PBXBuildFile section */
		34ADFFB99278B50D42805211 /* libPods-Meizi.a in Frameworks */ = {isa = PBXBuildFile; fileRef = FB3889877E10398A61D4BF32 /* libPods-Meizi.a */; };
		4C00895E1C43D1CF00FD1DF8 /* ZCAdView.m in Sources */ = {isa = PBXBuildFile; fileRef = 4C00895D1C43D1CF00FD1DF8 /* ZCAdView.m */; };
		4C147C7C1C4BE8160081C842 /* ZCLoginViewController.m in Sources */ = {isa = PBXBuildFile; fileRef = 4C147C7B1C4BE8160081C842 /* ZCLoginViewController.m */; };
		4C147C7E1C4BE8340081C842 /* ZCLoginViewController.storyboard in Resources */ = {isa = PBXBuildFile; fileRef = 4C147C7D1C4BE8340081C842 /* ZCLoginViewController.storyboard */; };
		4C1A5C771C3C214600A1DF98 /* main.m in Sources */ = {isa = PBXBuildFile; fileRef = 4C1A5C761C3C214600A1DF98 /* main.m */; };
		4C1A5C821C3C214600A1DF98 /* Assets.xcassets in Resources */ = {isa = PBXBuildFile; fileRef = 4C1A5C811C3C214600A1DF98 /* Assets.xcassets */; };
		4C1A5C851C3C214600A1DF98 /* LaunchScreen.storyboard in Resources */ = {isa = PBXBuildFile; fileRef = 4C1A5C831C3C214600A1DF98 /* LaunchScreen.storyboard */; };
		4C1A5C901C3C214600A1DF98 /* MeiziTests.m in Sources */ = {isa = PBXBuildFile; fileRef = 4C1A5C8F1C3C214600A1DF98 /* MeiziTests.m */; };
		4C1A5C9B1C3C214600A1DF98 /* MeiziUITests.m in Sources */ = {isa = PBXBuildFile; fileRef = 4C1A5C9A1C3C214600A1DF98 /* MeiziUITests.m */; };
		4C28435D1C423B7200FBA332 /* ZCCategoryViewController.m in Sources */ = {isa = PBXBuildFile; fileRef = 4C2843581C423B7200FBA332 /* ZCCategoryViewController.m */; };
		4C28435F1C423B7200FBA332 /* ZCSettingViewController.m in Sources */ = {isa = PBXBuildFile; fileRef = 4C28435C1C423B7200FBA332 /* ZCSettingViewController.m */; };
		4C2843721C427CD100FBA332 /* ZCMainCell.m in Sources */ = {isa = PBXBuildFile; fileRef = 4C2843701C427CD100FBA332 /* ZCMainCell.m */; };
		4C28437B1C42A11500FBA332 /* ZCMainCollectionViewController.m in Sources */ = {isa = PBXBuildFile; fileRef = 4C28437A1C42A11500FBA332 /* ZCMainCollectionViewController.m */; };
		4C31659B1C5289CE00C8ADD7 /* HoshiTextField.swift in Sources */ = {isa = PBXBuildFile; fileRef = 4C3165971C5289CE00C8ADD7 /* HoshiTextField.swift */; };
		4C31659C1C5289CE00C8ADD7 /* TextFieldsEffects.swift in Sources */ = {isa = PBXBuildFile; fileRef = 4C3165991C5289CE00C8ADD7 /* TextFieldsEffects.swift */; };
		4C3BE1041C4173BB0001AC14 /* libxml2.2.tbd in Frameworks */ = {isa = PBXBuildFile; fileRef = 4C3BE1031C4173BB0001AC14 /* libxml2.2.tbd */; };
		4C3BE10E1C41745D0001AC14 /* TFHpple.m in Sources */ = {isa = PBXBuildFile; fileRef = 4C3BE1091C41745D0001AC14 /* TFHpple.m */; settings = {COMPILER_FLAGS = "-fno-objc-arc"; }; };
		4C3BE10F1C41745D0001AC14 /* TFHppleElement.m in Sources */ = {isa = PBXBuildFile; fileRef = 4C3BE10B1C41745D0001AC14 /* TFHppleElement.m */; settings = {COMPILER_FLAGS = "-fno-objc-arc"; }; };
		4C3BE1101C41745D0001AC14 /* XPathQuery.m in Sources */ = {isa = PBXBuildFile; fileRef = 4C3BE10D1C41745D0001AC14 /* XPathQuery.m */; settings = {COMPILER_FLAGS = "-fno-objc-arc"; }; };
		4C3BE1251C418AED0001AC14 /* ZCAppDelegate.m in Sources */ = {isa = PBXBuildFile; fileRef = 4C3BE1131C418AED0001AC14 /* ZCAppDelegate.m */; };
		4C3BE1261C418AED0001AC14 /* ZCTabBar.m in Sources */ = {isa = PBXBuildFile; fileRef = 4C3BE1161C418AED0001AC14 /* ZCTabBar.m */; };
		4C3BE1271C418AED0001AC14 /* ZCRootViewController.m in Sources */ = {isa = PBXBuildFile; fileRef = 4C3BE1191C418AED0001AC14 /* ZCRootViewController.m */; };
		4C3BE12B1C418AED0001AC14 /* NSString+ZCHtmlBodyString.m in Sources */ = {isa = PBXBuildFile; fileRef = 4C3BE1231C418AED0001AC14 /* NSString+ZCHtmlBodyString.m */; };
		4C5801F81C591558001DE22C /* ZCMeiziDetailViewController.m in Sources */ = {isa = PBXBuildFile; fileRef = 4C5801F71C591558001DE22C /* ZCMeiziDetailViewController.m */; };
		4C5801FE1C5917AE001DE22C /* ZCMeiziCollectionViewCell.m in Sources */ = {isa = PBXBuildFile; fileRef = 4C5801FD1C5917AE001DE22C /* ZCMeiziCollectionViewCell.m */; };
		4C5C881E1C4A685C00A3DB4E /* ZCMeiziDetailStringRealm.m in Sources */ = {isa = PBXBuildFile; fileRef = 4C5C881D1C4A685C00A3DB4E /* ZCMeiziDetailStringRealm.m */; };
		4C5C882B1C4AAB1700A3DB4E /* ZCSettingViewController.storyboard in Resources */ = {isa = PBXBuildFile; fileRef = 4C5C882A1C4AAB1700A3DB4E /* ZCSettingViewController.storyboard */; };
		4C608EA61C61A59400F29112 /* ZCImageSize.m in Sources */ = {isa = PBXBuildFile; fileRef = 4C608EA51C61A59400F29112 /* ZCImageSize.m */; };
		4C98FAC51C4E836700557921 /* ZCRegisterViewController.m in Sources */ = {isa = PBXBuildFile; fileRef = 4C98FAC41C4E836700557921 /* ZCRegisterViewController.m */; };
		4C9B903D1C57790600360807 /* LocalAuthentication.framework in Frameworks */ = {isa = PBXBuildFile; fileRef = 4C9B903C1C57790600360807 /* LocalAuthentication.framework */; };
		4CA0BB471C47FBF000665357 /* ZCMeiziPageTagRealm.m in Sources */ = {isa = PBXBuildFile; fileRef = 4CA0BB461C47FBF000665357 /* ZCMeiziPageTagRealm.m */; };
		4CA0BB4A1C47FE8A00665357 /* NSDate+SFPrettyDate.m in Sources */ = {isa = PBXBuildFile; fileRef = 4CA0BB491C47FE8A00665357 /* NSDate+SFPrettyDate.m */; };
		4CA8D4EB1C454048009B1119 /* libz.tbd in Frameworks */ = {isa = PBXBuildFile; fileRef = 4CA8D4EA1C454048009B1119 /* libz.tbd */; };
		4CA8D5001C455E27009B1119 /* ZCMeiziRealm.m in Sources */ = {isa = PBXBuildFile; fileRef = 4CA8D4FF1C455E27009B1119 /* ZCMeiziRealm.m */; };
/* End PBXBuildFile section */

/* Begin PBXContainerItemProxy section */
		4C1A5C8C1C3C214600A1DF98 /* PBXContainerItemProxy */ = {
			isa = PBXContainerItemProxy;
			containerPortal = 4C1A5C6A1C3C214600A1DF98 /* Project object */;
			proxyType = 1;
			remoteGlobalIDString = 4C1A5C711C3C214600A1DF98;
			remoteInfo = Meizi;
		};
		4C1A5C971C3C214600A1DF98 /* PBXContainerItemProxy */ = {
			isa = PBXContainerItemProxy;
			containerPortal = 4C1A5C6A1C3C214600A1DF98 /* Project object */;
			proxyType = 1;
			remoteGlobalIDString = 4C1A5C711C3C214600A1DF98;
			remoteInfo = Meizi;
		};
/* End PBXContainerItemProxy section */

/* Begin PBXFileReference section */
		2329B5559A1BDDEB6FF70478 /* Pods-Meizi.release.xcconfig */ = {isa = PBXFileReference; includeInIndex = 1; lastKnownFileType = text.xcconfig; name = "Pods-Meizi.release.xcconfig"; path = "Pods/Target Support Files/Pods-Meizi/Pods-Meizi.release.xcconfig"; sourceTree = "<group>"; };
		4C00895C1C43D1CF00FD1DF8 /* ZCAdView.h */ = {isa = PBXFileReference; fileEncoding = 4; lastKnownFileType = sourcecode.c.h; path = ZCAdView.h; sourceTree = "<group>"; };
		4C00895D1C43D1CF00FD1DF8 /* ZCAdView.m */ = {isa = PBXFileReference; fileEncoding = 4; lastKnownFileType = sourcecode.c.objc; path = ZCAdView.m; sourceTree = "<group>"; };
		4C00FD521C3EC2000068D852 /* libxml2.tbd */ = {isa = PBXFileReference; lastKnownFileType = "sourcecode.text-based-dylib-definition"; name = libxml2.tbd; path = usr/lib/libxml2.tbd; sourceTree = SDKROOT; };
		4C147C7A1C4BE8160081C842 /* ZCLoginViewController.h */ = {isa = PBXFileReference; fileEncoding = 4; lastKnownFileType = sourcecode.c.h; path = ZCLoginViewController.h; sourceTree = "<group>"; };
		4C147C7B1C4BE8160081C842 /* ZCLoginViewController.m */ = {isa = PBXFileReference; fileEncoding = 4; lastKnownFileType = sourcecode.c.objc; path = ZCLoginViewController.m; sourceTree = "<group>"; wrapsLines = 1; };
		4C147C7D1C4BE8340081C842 /* ZCLoginViewController.storyboard */ = {isa = PBXFileReference; fileEncoding = 4; lastKnownFileType = file.storyboard; path = ZCLoginViewController.storyboard; sourceTree = "<group>"; };
		4C1A5C721C3C214600A1DF98 /* Meizi.app */ = {isa = PBXFileReference; explicitFileType = wrapper.application; includeInIndex = 0; path = Meizi.app; sourceTree = BUILT_PRODUCTS_DIR; };
		4C1A5C761C3C214600A1DF98 /* main.m */ = {isa = PBXFileReference; lastKnownFileType = sourcecode.c.objc; path = main.m; sourceTree = "<group>"; };
		4C1A5C811C3C214600A1DF98 /* Assets.xcassets */ = {isa = PBXFileReference; lastKnownFileType = folder.assetcatalog; path = Assets.xcassets; sourceTree = "<group>"; };
		4C1A5C841C3C214600A1DF98 /* Base */ = {isa = PBXFileReference; lastKnownFileType = file.storyboard; name = Base; path = Base.lproj/LaunchScreen.storyboard; sourceTree = "<group>"; };
		4C1A5C861C3C214600A1DF98 /* Info.plist */ = {isa = PBXFileReference; lastKnownFileType = text.plist.xml; path = Info.plist; sourceTree = "<group>"; };
		4C1A5C8B1C3C214600A1DF98 /* MeiziTests.xctest */ = {isa = PBXFileReference; explicitFileType = wrapper.cfbundle; includeInIndex = 0; path = MeiziTests.xctest; sourceTree = BUILT_PRODUCTS_DIR; };
		4C1A5C8F1C3C214600A1DF98 /* MeiziTests.m */ = {isa = PBXFileReference; lastKnownFileType = sourcecode.c.objc; path = MeiziTests.m; sourceTree = "<group>"; };
		4C1A5C911C3C214600A1DF98 /* Info.plist */ = {isa = PBXFileReference; lastKnownFileType = text.plist.xml; path = Info.plist; sourceTree = "<group>"; };
		4C1A5C961C3C214600A1DF98 /* MeiziUITests.xctest */ = {isa = PBXFileReference; explicitFileType = wrapper.cfbundle; includeInIndex = 0; path = MeiziUITests.xctest; sourceTree = BUILT_PRODUCTS_DIR; };
		4C1A5C9A1C3C214600A1DF98 /* MeiziUITests.m */ = {isa = PBXFileReference; lastKnownFileType = sourcecode.c.objc; path = MeiziUITests.m; sourceTree = "<group>"; };
		4C1A5C9C1C3C214600A1DF98 /* Info.plist */ = {isa = PBXFileReference; lastKnownFileType = text.plist.xml; path = Info.plist; sourceTree = "<group>"; };
		4C2843571C423B7200FBA332 /* ZCCategoryViewController.h */ = {isa = PBXFileReference; fileEncoding = 4; lastKnownFileType = sourcecode.c.h; path = ZCCategoryViewController.h; sourceTree = "<group>"; };
		4C2843581C423B7200FBA332 /* ZCCategoryViewController.m */ = {isa = PBXFileReference; fileEncoding = 4; lastKnownFileType = sourcecode.c.objc; path = ZCCategoryViewController.m; sourceTree = "<group>"; };
		4C28435B1C423B7200FBA332 /* ZCSettingViewController.h */ = {isa = PBXFileReference; fileEncoding = 4; lastKnownFileType = sourcecode.c.h; path = ZCSettingViewController.h; sourceTree = "<group>"; };
		4C28435C1C423B7200FBA332 /* ZCSettingViewController.m */ = {isa = PBXFileReference; fileEncoding = 4; lastKnownFileType = sourcecode.c.objc; path = ZCSettingViewController.m; sourceTree = "<group>"; wrapsLines = 0; };
		4C28436F1C427CD100FBA332 /* ZCMainCell.h */ = {isa = PBXFileReference; fileEncoding = 4; lastKnownFileType = sourcecode.c.h; path = ZCMainCell.h; sourceTree = "<group>"; };
		4C2843701C427CD100FBA332 /* ZCMainCell.m */ = {isa = PBXFileReference; fileEncoding = 4; lastKnownFileType = sourcecode.c.objc; path = ZCMainCell.m; sourceTree = "<group>"; };
		4C2843791C42A11400FBA332 /* ZCMainCollectionViewController.h */ = {isa = PBXFileReference; fileEncoding = 4; lastKnownFileType = sourcecode.c.h; path = ZCMainCollectionViewController.h; sourceTree = "<group>"; };
		4C28437A1C42A11500FBA332 /* ZCMainCollectionViewController.m */ = {isa = PBXFileReference; fileEncoding = 4; lastKnownFileType = sourcecode.c.objc; path = ZCMainCollectionViewController.m; sourceTree = "<group>"; wrapsLines = 1; };
		4C3165941C52896D00C8ADD7 /* Meizi-Bridging-Header.h */ = {isa = PBXFileReference; lastKnownFileType = sourcecode.c.h; path = "Meizi-Bridging-Header.h"; sourceTree = "<group>"; };
		4C3165971C5289CE00C8ADD7 /* HoshiTextField.swift */ = {isa = PBXFileReference; fileEncoding = 4; lastKnownFileType = sourcecode.swift; path = HoshiTextField.swift; sourceTree = "<group>"; };
		4C3165981C5289CE00C8ADD7 /* TextFieldEffects.h */ = {isa = PBXFileReference; fileEncoding = 4; lastKnownFileType = sourcecode.c.h; path = TextFieldEffects.h; sourceTree = "<group>"; };
		4C3165991C5289CE00C8ADD7 /* TextFieldsEffects.swift */ = {isa = PBXFileReference; fileEncoding = 4; lastKnownFileType = sourcecode.swift; path = TextFieldsEffects.swift; sourceTree = "<group>"; };
		4C3BE1031C4173BB0001AC14 /* libxml2.2.tbd */ = {isa = PBXFileReference; lastKnownFileType = "sourcecode.text-based-dylib-definition"; name = libxml2.2.tbd; path = usr/lib/libxml2.2.tbd; sourceTree = SDKROOT; };
		4C3BE1081C41745D0001AC14 /* TFHpple.h */ = {isa = PBXFileReference; fileEncoding = 4; lastKnownFileType = sourcecode.c.h; path = TFHpple.h; sourceTree = "<group>"; };
		4C3BE1091C41745D0001AC14 /* TFHpple.m */ = {isa = PBXFileReference; fileEncoding = 4; lastKnownFileType = sourcecode.c.objc; path = TFHpple.m; sourceTree = "<group>"; };
		4C3BE10A1C41745D0001AC14 /* TFHppleElement.h */ = {isa = PBXFileReference; fileEncoding = 4; lastKnownFileType = sourcecode.c.h; path = TFHppleElement.h; sourceTree = "<group>"; };
		4C3BE10B1C41745D0001AC14 /* TFHppleElement.m */ = {isa = PBXFileReference; fileEncoding = 4; lastKnownFileType = sourcecode.c.objc; path = TFHppleElement.m; sourceTree = "<group>"; };
		4C3BE10C1C41745D0001AC14 /* XPathQuery.h */ = {isa = PBXFileReference; fileEncoding = 4; lastKnownFileType = sourcecode.c.h; path = XPathQuery.h; sourceTree = "<group>"; };
		4C3BE10D1C41745D0001AC14 /* XPathQuery.m */ = {isa = PBXFileReference; fileEncoding = 4; lastKnownFileType = sourcecode.c.objc; path = XPathQuery.m; sourceTree = "<group>"; };
		4C3BE1121C418AED0001AC14 /* ZCAppDelegate.h */ = {isa = PBXFileReference; fileEncoding = 4; lastKnownFileType = sourcecode.c.h; path = ZCAppDelegate.h; sourceTree = "<group>"; };
		4C3BE1131C418AED0001AC14 /* ZCAppDelegate.m */ = {isa = PBXFileReference; fileEncoding = 4; lastKnownFileType = sourcecode.c.objc; path = ZCAppDelegate.m; sourceTree = "<group>"; };
		4C3BE1151C418AED0001AC14 /* ZCTabBar.h */ = {isa = PBXFileReference; fileEncoding = 4; lastKnownFileType = sourcecode.c.h; path = ZCTabBar.h; sourceTree = "<group>"; };
		4C3BE1161C418AED0001AC14 /* ZCTabBar.m */ = {isa = PBXFileReference; fileEncoding = 4; lastKnownFileType = sourcecode.c.objc; path = ZCTabBar.m; sourceTree = "<group>"; };
		4C3BE1181C418AED0001AC14 /* ZCRootViewController.h */ = {isa = PBXFileReference; fileEncoding = 4; lastKnownFileType = sourcecode.c.h; path = ZCRootViewController.h; sourceTree = "<group>"; };
		4C3BE1191C418AED0001AC14 /* ZCRootViewController.m */ = {isa = PBXFileReference; fileEncoding = 4; lastKnownFileType = sourcecode.c.objc; path = ZCRootViewController.m; sourceTree = "<group>"; };
		4C3BE1221C418AED0001AC14 /* NSString+ZCHtmlBodyString.h */ = {isa = PBXFileReference; fileEncoding = 4; lastKnownFileType = sourcecode.c.h; path = "NSString+ZCHtmlBodyString.h"; sourceTree = "<group>"; };
		4C3BE1231C418AED0001AC14 /* NSString+ZCHtmlBodyString.m */ = {isa = PBXFileReference; fileEncoding = 4; lastKnownFileType = sourcecode.c.objc; path = "NSString+ZCHtmlBodyString.m"; sourceTree = "<group>"; };
		4C3BE1241C418AED0001AC14 /* ZCMoreDefines.h */ = {isa = PBXFileReference; fileEncoding = 4; lastKnownFileType = sourcecode.c.h; path = ZCMoreDefines.h; sourceTree = "<group>"; };
		4C3C17A01C42ADFB0060BCA9 /* ZCMainHeader.h */ = {isa = PBXFileReference; fileEncoding = 4; lastKnownFileType = sourcecode.c.h; path = ZCMainHeader.h; sourceTree = "<group>"; };
		4C5801F61C591558001DE22C /* ZCMeiziDetailViewController.h */ = {isa = PBXFileReference; fileEncoding = 4; lastKnownFileType = sourcecode.c.h; path = ZCMeiziDetailViewController.h; sourceTree = "<group>"; };
		4C5801F71C591558001DE22C /* ZCMeiziDetailViewController.m */ = {isa = PBXFileReference; fileEncoding = 4; lastKnownFileType = sourcecode.c.objc; path = ZCMeiziDetailViewController.m; sourceTree = "<group>"; };
		4C5801FC1C5917AE001DE22C /* ZCMeiziCollectionViewCell.h */ = {isa = PBXFileReference; fileEncoding = 4; lastKnownFileType = sourcecode.c.h; path = ZCMeiziCollectionViewCell.h; sourceTree = "<group>"; };
		4C5801FD1C5917AE001DE22C /* ZCMeiziCollectionViewCell.m */ = {isa = PBXFileReference; fileEncoding = 4; lastKnownFileType = sourcecode.c.objc; path = ZCMeiziCollectionViewCell.m; sourceTree = "<group>"; };
		4C5C881C1C4A685C00A3DB4E /* ZCMeiziDetailStringRealm.h */ = {isa = PBXFileReference; fileEncoding = 4; lastKnownFileType = sourcecode.c.h; path = ZCMeiziDetailStringRealm.h; sourceTree = "<group>"; };
		4C5C881D1C4A685C00A3DB4E /* ZCMeiziDetailStringRealm.m */ = {isa = PBXFileReference; fileEncoding = 4; lastKnownFileType = sourcecode.c.objc; path = ZCMeiziDetailStringRealm.m; sourceTree = "<group>"; };
		4C5C882A1C4AAB1700A3DB4E /* ZCSettingViewController.storyboard */ = {isa = PBXFileReference; fileEncoding = 4; lastKnownFileType = file.storyboard; path = ZCSettingViewController.storyboard; sourceTree = "<group>"; };
		4C608EA31C61A44B00F29112 /* ZCSingleton.h */ = {isa = PBXFileReference; fileEncoding = 4; lastKnownFileType = sourcecode.c.h; path = ZCSingleton.h; sourceTree = "<group>"; };
		4C608EA41C61A59400F29112 /* ZCImageSize.h */ = {isa = PBXFileReference; fileEncoding = 4; lastKnownFileType = sourcecode.c.h; path = ZCImageSize.h; sourceTree = "<group>"; };
		4C608EA51C61A59400F29112 /* ZCImageSize.m */ = {isa = PBXFileReference; fileEncoding = 4; lastKnownFileType = sourcecode.c.objc; path = ZCImageSize.m; sourceTree = "<group>"; };
		4C98FAC31C4E836700557921 /* ZCRegisterViewController.h */ = {isa = PBXFileReference; fileEncoding = 4; lastKnownFileType = sourcecode.c.h; path = ZCRegisterViewController.h; sourceTree = "<group>"; };
		4C98FAC41C4E836700557921 /* ZCRegisterViewController.m */ = {isa = PBXFileReference; fileEncoding = 4; lastKnownFileType = sourcecode.c.objc; path = ZCRegisterViewController.m; sourceTree = "<group>"; };
		4C9B903C1C57790600360807 /* LocalAuthentication.framework */ = {isa = PBXFileReference; lastKnownFileType = wrapper.framework; name = LocalAuthentication.framework; path = System/Library/Frameworks/LocalAuthentication.framework; sourceTree = SDKROOT; };
		4C9B903E1C57817B00360807 /* ZCMeizi.pch */ = {isa = PBXFileReference; fileEncoding = 4; lastKnownFileType = sourcecode.c.h; path = ZCMeizi.pch; sourceTree = "<group>"; };
		4CA0BB451C47FBF000665357 /* ZCMeiziPageTagRealm.h */ = {isa = PBXFileReference; fileEncoding = 4; lastKnownFileType = sourcecode.c.h; path = ZCMeiziPageTagRealm.h; sourceTree = "<group>"; };
		4CA0BB461C47FBF000665357 /* ZCMeiziPageTagRealm.m */ = {isa = PBXFileReference; fileEncoding = 4; lastKnownFileType = sourcecode.c.objc; path = ZCMeiziPageTagRealm.m; sourceTree = "<group>"; };
		4CA0BB481C47FE8A00665357 /* NSDate+SFPrettyDate.h */ = {isa = PBXFileReference; fileEncoding = 4; lastKnownFileType = sourcecode.c.h; path = "NSDate+SFPrettyDate.h"; sourceTree = "<group>"; };
		4CA0BB491C47FE8A00665357 /* NSDate+SFPrettyDate.m */ = {isa = PBXFileReference; fileEncoding = 4; lastKnownFileType = sourcecode.c.objc; path = "NSDate+SFPrettyDate.m"; sourceTree = "<group>"; };
		4CA8D4EA1C454048009B1119 /* libz.tbd */ = {isa = PBXFileReference; lastKnownFileType = "sourcecode.text-based-dylib-definition"; name = libz.tbd; path = usr/lib/libz.tbd; sourceTree = SDKROOT; };
		4CA8D4FE1C455E27009B1119 /* ZCMeiziRealm.h */ = {isa = PBXFileReference; fileEncoding = 4; lastKnownFileType = sourcecode.c.h; path = ZCMeiziRealm.h; sourceTree = "<group>"; };
		4CA8D4FF1C455E27009B1119 /* ZCMeiziRealm.m */ = {isa = PBXFileReference; fileEncoding = 4; lastKnownFileType = sourcecode.c.objc; path = ZCMeiziRealm.m; sourceTree = "<group>"; };
		B9E150AD6DC1AC7A5EB357AE /* Pods-Meizi.debug.xcconfig */ = {isa = PBXFileReference; includeInIndex = 1; lastKnownFileType = text.xcconfig; name = "Pods-Meizi.debug.xcconfig"; path = "Pods/Target Support Files/Pods-Meizi/Pods-Meizi.debug.xcconfig"; sourceTree = "<group>"; };
		FB3889877E10398A61D4BF32 /* libPods-Meizi.a */ = {isa = PBXFileReference; explicitFileType = archive.ar; includeInIndex = 0; path = "libPods-Meizi.a"; sourceTree = BUILT_PRODUCTS_DIR; };
/* End PBXFileReference section */

/* Begin PBXFrameworksBuildPhase section */
		4C1A5C6F1C3C214600A1DF98 /* Frameworks */ = {
			isa = PBXFrameworksBuildPhase;
			buildActionMask = 2147483647;
			files = (
				4C9B903D1C57790600360807 /* LocalAuthentication.framework in Frameworks */,
				4CA8D4EB1C454048009B1119 /* libz.tbd in Frameworks */,
				4C3BE1041C4173BB0001AC14 /* libxml2.2.tbd in Frameworks */,
				34ADFFB99278B50D42805211 /* libPods-Meizi.a in Frameworks */,
			);
			runOnlyForDeploymentPostprocessing = 0;
		};
		4C1A5C881C3C214600A1DF98 /* Frameworks */ = {
			isa = PBXFrameworksBuildPhase;
			buildActionMask = 2147483647;
			files = (
			);
			runOnlyForDeploymentPostprocessing = 0;
		};
		4C1A5C931C3C214600A1DF98 /* Frameworks */ = {
			isa = PBXFrameworksBuildPhase;
			buildActionMask = 2147483647;
			files = (
			);
			runOnlyForDeploymentPostprocessing = 0;
		};
/* End PBXFrameworksBuildPhase section */

/* Begin PBXGroup section */
		4C147C791C4BE7EA0081C842 /* 注册登录 */ = {
			isa = PBXGroup;
			children = (
				4C147C7A1C4BE8160081C842 /* ZCLoginViewController.h */,
				4C147C7B1C4BE8160081C842 /* ZCLoginViewController.m */,
				4C98FAC31C4E836700557921 /* ZCRegisterViewController.h */,
				4C98FAC41C4E836700557921 /* ZCRegisterViewController.m */,
				4C147C7D1C4BE8340081C842 /* ZCLoginViewController.storyboard */,
				4C3165941C52896D00C8ADD7 /* Meizi-Bridging-Header.h */,
			);
			name = "注册登录";
			sourceTree = "<group>";
		};
		4C1A5C691C3C214600A1DF98 = {
			isa = PBXGroup;
			children = (
				4C1A5C741C3C214600A1DF98 /* Meizi */,
				4C1A5C8E1C3C214600A1DF98 /* MeiziTests */,
				4C1A5C991C3C214600A1DF98 /* MeiziUITests */,
				4C1A5C731C3C214600A1DF98 /* Products */,
				E3BF12CA3CCEF2D075C6577C /* Frameworks */,
				D78467C235159DB4306D8B1E /* Pods */,
			);
			sourceTree = "<group>";
		};
		4C1A5C731C3C214600A1DF98 /* Products */ = {
			isa = PBXGroup;
			children = (
				4C1A5C721C3C214600A1DF98 /* Meizi.app */,
				4C1A5C8B1C3C214600A1DF98 /* MeiziTests.xctest */,
				4C1A5C961C3C214600A1DF98 /* MeiziUITests.xctest */,
			);
			name = Products;
			sourceTree = "<group>";
		};
		4C1A5C741C3C214600A1DF98 /* Meizi */ = {
			isa = PBXGroup;
			children = (
				4C3BE1061C41745D0001AC14 /* Vendor */,
				4C3BE1211C418AED0001AC14 /* ZCTools */,
				4C3BE1111C418AED0001AC14 /* Application */,
				4C3BE1141C418AED0001AC14 /* NaviAndTab */,
				4C3BE1171C418AED0001AC14 /* Root */,
				4C2843561C423B7200FBA332 /* Classes */,
				4C1A5C831C3C214600A1DF98 /* LaunchScreen.storyboard */,
				4C1A5C811C3C214600A1DF98 /* Assets.xcassets */,
				4C1A5C861C3C214600A1DF98 /* Info.plist */,
				4C1A5C751C3C214600A1DF98 /* Supporting Files */,
			);
			path = Meizi;
			sourceTree = "<group>";
		};
		4C1A5C751C3C214600A1DF98 /* Supporting Files */ = {
			isa = PBXGroup;
			children = (
				4C1A5C761C3C214600A1DF98 /* main.m */,
				4C9B903E1C57817B00360807 /* ZCMeizi.pch */,
			);
			name = "Supporting Files";
			sourceTree = "<group>";
		};
		4C1A5C8E1C3C214600A1DF98 /* MeiziTests */ = {
			isa = PBXGroup;
			children = (
				4C1A5C8F1C3C214600A1DF98 /* MeiziTests.m */,
				4C1A5C911C3C214600A1DF98 /* Info.plist */,
			);
			path = MeiziTests;
			sourceTree = "<group>";
		};
		4C1A5C991C3C214600A1DF98 /* MeiziUITests */ = {
			isa = PBXGroup;
			children = (
				4C1A5C9A1C3C214600A1DF98 /* MeiziUITests.m */,
				4C1A5C9C1C3C214600A1DF98 /* Info.plist */,
			);
			path = MeiziUITests;
			sourceTree = "<group>";
		};
		4C2843561C423B7200FBA332 /* Classes */ = {
			isa = PBXGroup;
			children = (
				4C147C791C4BE7EA0081C842 /* 注册登录 */,
				4C5C88211C4AAA8000A3DB4E /* 妹子 */,
				4C5C88221C4AAA8A00A3DB4E /* 分类 */,
				4C5C88231C4AAAA200A3DB4E /* 我的 */,
			);
			path = Classes;
			sourceTree = "<group>";
		};
		4C3BE1061C41745D0001AC14 /* Vendor */ = {
			isa = PBXGroup;
			children = (
				4C3165981C5289CE00C8ADD7 /* TextFieldEffects.h */,
				4C3165971C5289CE00C8ADD7 /* HoshiTextField.swift */,
				4C3165991C5289CE00C8ADD7 /* TextFieldsEffects.swift */,
				4C3BE1071C41745D0001AC14 /* TFHpple */,
			);
			path = Vendor;
			sourceTree = "<group>";
		};
		4C3BE1071C41745D0001AC14 /* TFHpple */ = {
			isa = PBXGroup;
			children = (
				4C3BE1081C41745D0001AC14 /* TFHpple.h */,
				4C3BE1091C41745D0001AC14 /* TFHpple.m */,
				4C3BE10A1C41745D0001AC14 /* TFHppleElement.h */,
				4C3BE10B1C41745D0001AC14 /* TFHppleElement.m */,
				4C3BE10C1C41745D0001AC14 /* XPathQuery.h */,
				4C3BE10D1C41745D0001AC14 /* XPathQuery.m */,
			);
			path = TFHpple;
			sourceTree = "<group>";
		};
		4C3BE1111C418AED0001AC14 /* Application */ = {
			isa = PBXGroup;
			children = (
				4C3BE1121C418AED0001AC14 /* ZCAppDelegate.h */,
				4C3BE1131C418AED0001AC14 /* ZCAppDelegate.m */,
			);
			path = Application;
			sourceTree = "<group>";
		};
		4C3BE1141C418AED0001AC14 /* NaviAndTab */ = {
			isa = PBXGroup;
			children = (
				4C3BE1151C418AED0001AC14 /* ZCTabBar.h */,
				4C3BE1161C418AED0001AC14 /* ZCTabBar.m */,
			);
			path = NaviAndTab;
			sourceTree = "<group>";
		};
		4C3BE1171C418AED0001AC14 /* Root */ = {
			isa = PBXGroup;
			children = (
				4C3BE1181C418AED0001AC14 /* ZCRootViewController.h */,
				4C3BE1191C418AED0001AC14 /* ZCRootViewController.m */,
			);
			path = Root;
			sourceTree = "<group>";
		};
		4C3BE1211C418AED0001AC14 /* ZCTools */ = {
			isa = PBXGroup;
			children = (
				4CA0BB481C47FE8A00665357 /* NSDate+SFPrettyDate.h */,
				4CA0BB491C47FE8A00665357 /* NSDate+SFPrettyDate.m */,
				4C3BE1221C418AED0001AC14 /* NSString+ZCHtmlBodyString.h */,
				4C3BE1231C418AED0001AC14 /* NSString+ZCHtmlBodyString.m */,
				4C3BE1241C418AED0001AC14 /* ZCMoreDefines.h */,
				4C608EA31C61A44B00F29112 /* ZCSingleton.h */,
				4C608EA41C61A59400F29112 /* ZCImageSize.h */,
				4C608EA51C61A59400F29112 /* ZCImageSize.m */,
			);
			path = ZCTools;
			sourceTree = "<group>";
		};
		4C5C88211C4AAA8000A3DB4E /* 妹子 */ = {
			isa = PBXGroup;
			children = (
				4C5C88261C4AAAB900A3DB4E /* Model */,
				4C5C88251C4AAAB400A3DB4E /* View */,
				4C5C88241C4AAAAF00A3DB4E /* Controller */,
			);
			name = "妹子";
			sourceTree = "<group>";
		};
		4C5C88221C4AAA8A00A3DB4E /* 分类 */ = {
			isa = PBXGroup;
			children = (
				4C2843571C423B7200FBA332 /* ZCCategoryViewController.h */,
				4C2843581C423B7200FBA332 /* ZCCategoryViewController.m */,
			);
			name = "分类";
			sourceTree = "<group>";
		};
		4C5C88231C4AAAA200A3DB4E /* 我的 */ = {
			isa = PBXGroup;
			children = (
				4C5C88291C4AAAF500A3DB4E /* Model */,
				4C5C88281C4AAAF100A3DB4E /* View */,
				4C5C88271C4AAAEA00A3DB4E /* Controller */,
			);
			name = "我的";
			sourceTree = "<group>";
		};
		4C5C88241C4AAAAF00A3DB4E /* Controller */ = {
			isa = PBXGroup;
			children = (
				4C3C17A01C42ADFB0060BCA9 /* ZCMainHeader.h */,
				4C2843791C42A11400FBA332 /* ZCMainCollectionViewController.h */,
				4C28437A1C42A11500FBA332 /* ZCMainCollectionViewController.m */,
				4C5801F61C591558001DE22C /* ZCMeiziDetailViewController.h */,
				4C5801F71C591558001DE22C /* ZCMeiziDetailViewController.m */,
			);
			name = Controller;
			sourceTree = "<group>";
		};
		4C5C88251C4AAAB400A3DB4E /* View */ = {
			isa = PBXGroup;
			children = (
				4C5801FC1C5917AE001DE22C /* ZCMeiziCollectionViewCell.h */,
				4C5801FD1C5917AE001DE22C /* ZCMeiziCollectionViewCell.m */,
				4C28436F1C427CD100FBA332 /* ZCMainCell.h */,
				4C2843701C427CD100FBA332 /* ZCMainCell.m */,
				4C00895C1C43D1CF00FD1DF8 /* ZCAdView.h */,
				4C00895D1C43D1CF00FD1DF8 /* ZCAdView.m */,
			);
			name = View;
			sourceTree = "<group>";
		};
		4C5C88261C4AAAB900A3DB4E /* Model */ = {
			isa = PBXGroup;
			children = (
				4CA8D4FE1C455E27009B1119 /* ZCMeiziRealm.h */,
				4CA8D4FF1C455E27009B1119 /* ZCMeiziRealm.m */,
				4CA0BB451C47FBF000665357 /* ZCMeiziPageTagRealm.h */,
				4CA0BB461C47FBF000665357 /* ZCMeiziPageTagRealm.m */,
				4C5C881C1C4A685C00A3DB4E /* ZCMeiziDetailStringRealm.h */,
				4C5C881D1C4A685C00A3DB4E /* ZCMeiziDetailStringRealm.m */,
			);
			name = Model;
			sourceTree = "<group>";
		};
		4C5C88271C4AAAEA00A3DB4E /* Controller */ = {
			isa = PBXGroup;
			children = (
				4C28435B1C423B7200FBA332 /* ZCSettingViewController.h */,
				4C28435C1C423B7200FBA332 /* ZCSettingViewController.m */,
			);
			name = Controller;
			sourceTree = "<group>";
		};
		4C5C88281C4AAAF100A3DB4E /* View */ = {
			isa = PBXGroup;
			children = (
				4C5C882A1C4AAB1700A3DB4E /* ZCSettingViewController.storyboard */,
			);
			name = View;
			sourceTree = "<group>";
		};
		4C5C88291C4AAAF500A3DB4E /* Model */ = {
			isa = PBXGroup;
			children = (
			);
			name = Model;
			sourceTree = "<group>";
		};
		D78467C235159DB4306D8B1E /* Pods */ = {
			isa = PBXGroup;
			children = (
				B9E150AD6DC1AC7A5EB357AE /* Pods-Meizi.debug.xcconfig */,
				2329B5559A1BDDEB6FF70478 /* Pods-Meizi.release.xcconfig */,
			);
			name = Pods;
			sourceTree = "<group>";
		};
		E3BF12CA3CCEF2D075C6577C /* Frameworks */ = {
			isa = PBXGroup;
			children = (
				4C9B903C1C57790600360807 /* LocalAuthentication.framework */,
				4CA8D4EA1C454048009B1119 /* libz.tbd */,
				4C3BE1031C4173BB0001AC14 /* libxml2.2.tbd */,
				4C00FD521C3EC2000068D852 /* libxml2.tbd */,
				FB3889877E10398A61D4BF32 /* libPods-Meizi.a */,
			);
			name = Frameworks;
			sourceTree = "<group>";
		};
/* End PBXGroup section */

/* Begin PBXNativeTarget section */
		4C1A5C711C3C214600A1DF98 /* Meizi */ = {
			isa = PBXNativeTarget;
			buildConfigurationList = 4C1A5C9F1C3C214600A1DF98 /* Build configuration list for PBXNativeTarget "Meizi" */;
			buildPhases = (
				81AB1F900FAFD134E4281D11 /* [CP] Check Pods Manifest.lock */,
				4C1A5C6E1C3C214600A1DF98 /* Sources */,
				4C1A5C6F1C3C214600A1DF98 /* Frameworks */,
				4C1A5C701C3C214600A1DF98 /* Resources */,
				F79FCBF0EE5FAB55A8483AB4 /* [CP] Embed Pods Frameworks */,
				DF7E4D87E0006898DC264335 /* [CP] Copy Pods Resources */,
			);
			buildRules = (
			);
			dependencies = (
			);
			name = Meizi;
			productName = Meizi;
			productReference = 4C1A5C721C3C214600A1DF98 /* Meizi.app */;
			productType = "com.apple.product-type.application";
		};
		4C1A5C8A1C3C214600A1DF98 /* MeiziTests */ = {
			isa = PBXNativeTarget;
			buildConfigurationList = 4C1A5CA21C3C214600A1DF98 /* Build configuration list for PBXNativeTarget "MeiziTests" */;
			buildPhases = (
				4C1A5C871C3C214600A1DF98 /* Sources */,
				4C1A5C881C3C214600A1DF98 /* Frameworks */,
				4C1A5C891C3C214600A1DF98 /* Resources */,
			);
			buildRules = (
			);
			dependencies = (
				4C1A5C8D1C3C214600A1DF98 /* PBXTargetDependency */,
			);
			name = MeiziTests;
			productName = MeiziTests;
			productReference = 4C1A5C8B1C3C214600A1DF98 /* MeiziTests.xctest */;
			productType = "com.apple.product-type.bundle.unit-test";
		};
		4C1A5C951C3C214600A1DF98 /* MeiziUITests */ = {
			isa = PBXNativeTarget;
			buildConfigurationList = 4C1A5CA51C3C214600A1DF98 /* Build configuration list for PBXNativeTarget "MeiziUITests" */;
			buildPhases = (
				4C1A5C921C3C214600A1DF98 /* Sources */,
				4C1A5C931C3C214600A1DF98 /* Frameworks */,
				4C1A5C941C3C214600A1DF98 /* Resources */,
			);
			buildRules = (
			);
			dependencies = (
				4C1A5C981C3C214600A1DF98 /* PBXTargetDependency */,
			);
			name = MeiziUITests;
			productName = MeiziUITests;
			productReference = 4C1A5C961C3C214600A1DF98 /* MeiziUITests.xctest */;
			productType = "com.apple.product-type.bundle.ui-testing";
		};
/* End PBXNativeTarget section */

/* Begin PBXProject section */
		4C1A5C6A1C3C214600A1DF98 /* Project object */ = {
			isa = PBXProject;
			attributes = {
				CLASSPREFIX = ZC;
				LastUpgradeCheck = 0720;
				ORGANIZATIONNAME = "朱立焜";
				TargetAttributes = {
					4C1A5C711C3C214600A1DF98 = {
						CreatedOnToolsVersion = 7.2;
					};
					4C1A5C8A1C3C214600A1DF98 = {
						CreatedOnToolsVersion = 7.2;
						TestTargetID = 4C1A5C711C3C214600A1DF98;
					};
					4C1A5C951C3C214600A1DF98 = {
						CreatedOnToolsVersion = 7.2;
						TestTargetID = 4C1A5C711C3C214600A1DF98;
					};
				};
			};
			buildConfigurationList = 4C1A5C6D1C3C214600A1DF98 /* Build configuration list for PBXProject "Meizi" */;
			compatibilityVersion = "Xcode 3.2";
			developmentRegion = English;
			hasScannedForEncodings = 0;
			knownRegions = (
				en,
				Base,
			);
			mainGroup = 4C1A5C691C3C214600A1DF98;
			productRefGroup = 4C1A5C731C3C214600A1DF98 /* Products */;
			projectDirPath = "";
			projectRoot = "";
			targets = (
				4C1A5C711C3C214600A1DF98 /* Meizi */,
				4C1A5C8A1C3C214600A1DF98 /* MeiziTests */,
				4C1A5C951C3C214600A1DF98 /* MeiziUITests */,
			);
		};
/* End PBXProject section */

/* Begin PBXResourcesBuildPhase section */
		4C1A5C701C3C214600A1DF98 /* Resources */ = {
			isa = PBXResourcesBuildPhase;
			buildActionMask = 2147483647;
			files = (
				4C147C7E1C4BE8340081C842 /* ZCLoginViewController.storyboard in Resources */,
				4C5C882B1C4AAB1700A3DB4E /* ZCSettingViewController.storyboard in Resources */,
				4C1A5C851C3C214600A1DF98 /* LaunchScreen.storyboard in Resources */,
				4C1A5C821C3C214600A1DF98 /* Assets.xcassets in Resources */,
			);
			runOnlyForDeploymentPostprocessing = 0;
		};
		4C1A5C891C3C214600A1DF98 /* Resources */ = {
			isa = PBXResourcesBuildPhase;
			buildActionMask = 2147483647;
			files = (
			);
			runOnlyForDeploymentPostprocessing = 0;
		};
		4C1A5C941C3C214600A1DF98 /* Resources */ = {
			isa = PBXResourcesBuildPhase;
			buildActionMask = 2147483647;
			files = (
			);
			runOnlyForDeploymentPostprocessing = 0;
		};
/* End PBXResourcesBuildPhase section */

/* Begin PBXShellScriptBuildPhase section */
		81AB1F900FAFD134E4281D11 /* [CP] Check Pods Manifest.lock */ = {
			isa = PBXShellScriptBuildPhase;
			buildActionMask = 2147483647;
			files = (
			);
			inputPaths = (
			);
			name = "[CP] Check Pods Manifest.lock";
			outputPaths = (
			);
			runOnlyForDeploymentPostprocessing = 0;
			shellPath = /bin/sh;
			shellScript = "diff \"${PODS_ROOT}/../Podfile.lock\" \"${PODS_ROOT}/Manifest.lock\" > /dev/null\nif [[ $? != 0 ]] ; then\n    cat << EOM\nerror: The sandbox is not in sync with the Podfile.lock. Run 'pod install' or update your CocoaPods installation.\nEOM\n    exit 1\nfi\n";
			showEnvVarsInLog = 0;
		};
		DF7E4D87E0006898DC264335 /* [CP] Copy Pods Resources */ = {
			isa = PBXShellScriptBuildPhase;
			buildActionMask = 2147483647;
			files = (
			);
			inputPaths = (
			);
			name = "[CP] Copy Pods Resources";
			outputPaths = (
			);
			runOnlyForDeploymentPostprocessing = 0;
			shellPath = /bin/sh;
			shellScript = "\"${SRCROOT}/Pods/Target Support Files/Pods-Meizi/Pods-Meizi-resources.sh\"\n";
			showEnvVarsInLog = 0;
		};
		F79FCBF0EE5FAB55A8483AB4 /* [CP] Embed Pods Frameworks */ = {
			isa = PBXShellScriptBuildPhase;
			buildActionMask = 2147483647;
			files = (
			);
			inputPaths = (
			);
			name = "[CP] Embed Pods Frameworks";
			outputPaths = (
			);
			runOnlyForDeploymentPostprocessing = 0;
			shellPath = /bin/sh;
			shellScript = "\"${SRCROOT}/Pods/Target Support Files/Pods-Meizi/Pods-Meizi-frameworks.sh\"\n";
			showEnvVarsInLog = 0;
		};
/* End PBXShellScriptBuildPhase section */

/* Begin PBXSourcesBuildPhase section */
		4C1A5C6E1C3C214600A1DF98 /* Sources */ = {
			isa = PBXSourcesBuildPhase;
			buildActionMask = 2147483647;
			files = (
				4C31659C1C5289CE00C8ADD7 /* TextFieldsEffects.swift in Sources */,
				4C28437B1C42A11500FBA332 /* ZCMainCollectionViewController.m in Sources */,
				4C3BE1261C418AED0001AC14 /* ZCTabBar.m in Sources */,
				4C608EA61C61A59400F29112 /* ZCImageSize.m in Sources */,
				4CA0BB4A1C47FE8A00665357 /* NSDate+SFPrettyDate.m in Sources */,
				4C00895E1C43D1CF00FD1DF8 /* ZCAdView.m in Sources */,
				4C1A5C771C3C214600A1DF98 /* main.m in Sources */,
				4C5C881E1C4A685C00A3DB4E /* ZCMeiziDetailStringRealm.m in Sources */,
				4CA8D5001C455E27009B1119 /* ZCMeiziRealm.m in Sources */,
				4C5801FE1C5917AE001DE22C /* ZCMeiziCollectionViewCell.m in Sources */,
				4CA0BB471C47FBF000665357 /* ZCMeiziPageTagRealm.m in Sources */,
				4C3BE1251C418AED0001AC14 /* ZCAppDelegate.m in Sources */,
				4C3BE1101C41745D0001AC14 /* XPathQuery.m in Sources */,
				4C28435F1C423B7200FBA332 /* ZCSettingViewController.m in Sources */,
				4C31659B1C5289CE00C8ADD7 /* HoshiTextField.swift in Sources */,
				4C3BE10F1C41745D0001AC14 /* TFHppleElement.m in Sources */,
				4C2843721C427CD100FBA332 /* ZCMainCell.m in Sources */,
				4C3BE10E1C41745D0001AC14 /* TFHpple.m in Sources */,
				4C98FAC51C4E836700557921 /* ZCRegisterViewController.m in Sources */,
				4C3BE1271C418AED0001AC14 /* ZCRootViewController.m in Sources */,
				4C3BE12B1C418AED0001AC14 /* NSString+ZCHtmlBodyString.m in Sources */,
				4C147C7C1C4BE8160081C842 /* ZCLoginViewController.m in Sources */,
				4C5801F81C591558001DE22C /* ZCMeiziDetailViewController.m in Sources */,
				4C28435D1C423B7200FBA332 /* ZCCategoryViewController.m in Sources */,
			);
			runOnlyForDeploymentPostprocessing = 0;
		};
		4C1A5C871C3C214600A1DF98 /* Sources */ = {
			isa = PBXSourcesBuildPhase;
			buildActionMask = 2147483647;
			files = (
				4C1A5C901C3C214600A1DF98 /* MeiziTests.m in Sources */,
			);
			runOnlyForDeploymentPostprocessing = 0;
		};
		4C1A5C921C3C214600A1DF98 /* Sources */ = {
			isa = PBXSourcesBuildPhase;
			buildActionMask = 2147483647;
			files = (
				4C1A5C9B1C3C214600A1DF98 /* MeiziUITests.m in Sources */,
			);
			runOnlyForDeploymentPostprocessing = 0;
		};
/* End PBXSourcesBuildPhase section */

/* Begin PBXTargetDependency section */
		4C1A5C8D1C3C214600A1DF98 /* PBXTargetDependency */ = {
			isa = PBXTargetDependency;
			target = 4C1A5C711C3C214600A1DF98 /* Meizi */;
			targetProxy = 4C1A5C8C1C3C214600A1DF98 /* PBXContainerItemProxy */;
		};
		4C1A5C981C3C214600A1DF98 /* PBXTargetDependency */ = {
			isa = PBXTargetDependency;
			target = 4C1A5C711C3C214600A1DF98 /* Meizi */;
			targetProxy = 4C1A5C971C3C214600A1DF98 /* PBXContainerItemProxy */;
		};
/* End PBXTargetDependency section */

/* Begin PBXVariantGroup section */
		4C1A5C831C3C214600A1DF98 /* LaunchScreen.storyboard */ = {
			isa = PBXVariantGroup;
			children = (
				4C1A5C841C3C214600A1DF98 /* Base */,
			);
			name = LaunchScreen.storyboard;
			sourceTree = "<group>";
		};
/* End PBXVariantGroup section */

/* Begin XCBuildConfiguration section */
		4C1A5C9D1C3C214600A1DF98 /* Debug */ = {
			isa = XCBuildConfiguration;
			buildSettings = {
				ALWAYS_SEARCH_USER_PATHS = NO;
				CLANG_CXX_LANGUAGE_STANDARD = "gnu++0x";
				CLANG_CXX_LIBRARY = "libc++";
				CLANG_ENABLE_MODULES = YES;
				CLANG_ENABLE_OBJC_ARC = YES;
				CLANG_WARN_BOOL_CONVERSION = YES;
				CLANG_WARN_CONSTANT_CONVERSION = YES;
				CLANG_WARN_DIRECT_OBJC_ISA_USAGE = YES_ERROR;
				CLANG_WARN_EMPTY_BODY = YES;
				CLANG_WARN_ENUM_CONVERSION = YES;
				CLANG_WARN_INT_CONVERSION = YES;
				CLANG_WARN_OBJC_ROOT_CLASS = YES_ERROR;
				CLANG_WARN_UNREACHABLE_CODE = YES;
				CLANG_WARN__DUPLICATE_METHOD_MATCH = YES;
				"CODE_SIGN_IDENTITY[sdk=iphoneos*]" = "iPhone Developer";
				COPY_PHASE_STRIP = NO;
				DEBUG_INFORMATION_FORMAT = dwarf;
				ENABLE_STRICT_OBJC_MSGSEND = YES;
				ENABLE_TESTABILITY = YES;
				GCC_C_LANGUAGE_STANDARD = gnu99;
				GCC_DYNAMIC_NO_PIC = NO;
				GCC_NO_COMMON_BLOCKS = YES;
				GCC_OPTIMIZATION_LEVEL = 0;
				GCC_PREPROCESSOR_DEFINITIONS = (
					"DEBUG=1",
					"$(inherited)",
				);
				GCC_WARN_64_TO_32_BIT_CONVERSION = YES;
				GCC_WARN_ABOUT_RETURN_TYPE = YES_ERROR;
				GCC_WARN_UNDECLARED_SELECTOR = YES;
				GCC_WARN_UNINITIALIZED_AUTOS = YES_AGGRESSIVE;
				GCC_WARN_UNUSED_FUNCTION = YES;
				GCC_WARN_UNUSED_VARIABLE = YES;
				IPHONEOS_DEPLOYMENT_TARGET = 9.2;
				MTL_ENABLE_DEBUG_INFO = YES;
				ONLY_ACTIVE_ARCH = YES;
				SDKROOT = iphoneos;
			};
			name = Debug;
		};
		4C1A5C9E1C3C214600A1DF98 /* Release */ = {
			isa = XCBuildConfiguration;
			buildSettings = {
				ALWAYS_SEARCH_USER_PATHS = NO;
				CLANG_CXX_LANGUAGE_STANDARD = "gnu++0x";
				CLANG_CXX_LIBRARY = "libc++";
				CLANG_ENABLE_MODULES = YES;
				CLANG_ENABLE_OBJC_ARC = YES;
				CLANG_WARN_BOOL_CONVERSION = YES;
				CLANG_WARN_CONSTANT_CONVERSION = YES;
				CLANG_WARN_DIRECT_OBJC_ISA_USAGE = YES_ERROR;
				CLANG_WARN_EMPTY_BODY = YES;
				CLANG_WARN_ENUM_CONVERSION = YES;
				CLANG_WARN_INT_CONVERSION = YES;
				CLANG_WARN_OBJC_ROOT_CLASS = YES_ERROR;
				CLANG_WARN_UNREACHABLE_CODE = YES;
				CLANG_WARN__DUPLICATE_METHOD_MATCH = YES;
				"CODE_SIGN_IDENTITY[sdk=iphoneos*]" = "iPhone Developer";
				COPY_PHASE_STRIP = NO;
				DEBUG_INFORMATION_FORMAT = "dwarf-with-dsym";
				ENABLE_NS_ASSERTIONS = NO;
				ENABLE_STRICT_OBJC_MSGSEND = YES;
				GCC_C_LANGUAGE_STANDARD = gnu99;
				GCC_NO_COMMON_BLOCKS = YES;
				GCC_WARN_64_TO_32_BIT_CONVERSION = YES;
				GCC_WARN_ABOUT_RETURN_TYPE = YES_ERROR;
				GCC_WARN_UNDECLARED_SELECTOR = YES;
				GCC_WARN_UNINITIALIZED_AUTOS = YES_AGGRESSIVE;
				GCC_WARN_UNUSED_FUNCTION = YES;
				GCC_WARN_UNUSED_VARIABLE = YES;
				IPHONEOS_DEPLOYMENT_TARGET = 9.2;
				MTL_ENABLE_DEBUG_INFO = NO;
				SDKROOT = iphoneos;
				VALIDATE_PRODUCT = YES;
			};
			name = Release;
		};
		4C1A5CA01C3C214600A1DF98 /* Debug */ = {
			isa = XCBuildConfiguration;
			baseConfigurationReference = B9E150AD6DC1AC7A5EB357AE /* Pods-Meizi.debug.xcconfig */;
			buildSettings = {
				ASSETCATALOG_COMPILER_APPICON_NAME = AppIcon;
				CLANG_ENABLE_MODULES = YES;
				DEFINES_MODULE = YES;
				GCC_PREFIX_HEADER = "$(SRCROOT)/$(PRODUCT_NAME)/ZCMeizi.pch";
				HEADER_SEARCH_PATHS = (
					"$(inherited)",
					"\"${PODS_ROOT}/Headers/Public\"",
					"\"${PODS_ROOT}/Headers/Public/AFNetworking\"",
					"\"${PODS_ROOT}/Headers/Public/ChameleonFramework\"",
					"\"${PODS_ROOT}/Headers/Public/Crashlytics\"",
					"\"${PODS_ROOT}/Headers/Public/Fabric\"",
					"\"${PODS_ROOT}/Headers/Public/LMDropdownView\"",
					"\"${PODS_ROOT}/Headers/Public/MJRefresh\"",
					"\"${PODS_ROOT}/Headers/Public/SCLAlertView-Objective-C\"",
					"\"${PODS_ROOT}/Headers/Public/SDWebImage\"",
					"\"${PODS_ROOT}/Headers/Public/SIAlertView\"",
					/usr/include/libxml2,
				);
				INFOPLIST_FILE = Meizi/Info.plist;
				IPHONEOS_DEPLOYMENT_TARGET = 8.0;
				LD_RUNPATH_SEARCH_PATHS = "$(inherited) @executable_path/Frameworks";
				PRODUCT_BUNDLE_IDENTIFIER = com.zcill.Meizi;
				PRODUCT_NAME = "$(TARGET_NAME)";
				SWIFT_OBJC_BRIDGING_HEADER = "Meizi/Classes/Meizi-Bridging-Header.h";
				SWIFT_OPTIMIZATION_LEVEL = "-Onone";
			};
			name = Debug;
		};
		4C1A5CA11C3C214600A1DF98 /* Release */ = {
			isa = XCBuildConfiguration;
			baseConfigurationReference = 2329B5559A1BDDEB6FF70478 /* Pods-Meizi.release.xcconfig */;
			buildSettings = {
				ASSETCATALOG_COMPILER_APPICON_NAME = AppIcon;
				CLANG_ENABLE_MODULES = YES;
				DEFINES_MODULE = YES;
				GCC_PREFIX_HEADER = "$(SRCROOT)/$(PRODUCT_NAME)/ZCMeizi.pch";
				HEADER_SEARCH_PATHS = (
					"$(inherited)",
					"\"${PODS_ROOT}/Headers/Public\"",
					"\"${PODS_ROOT}/Headers/Public/AFNetworking\"",
					"\"${PODS_ROOT}/Headers/Public/ChameleonFramework\"",
					"\"${PODS_ROOT}/Headers/Public/Crashlytics\"",
					"\"${PODS_ROOT}/Headers/Public/Fabric\"",
					"\"${PODS_ROOT}/Headers/Public/LMDropdownView\"",
					"\"${PODS_ROOT}/Headers/Public/MJRefresh\"",
					"\"${PODS_ROOT}/Headers/Public/SCLAlertView-Objective-C\"",
					"\"${PODS_ROOT}/Headers/Public/SDWebImage\"",
					"\"${PODS_ROOT}/Headers/Public/SIAlertView\"",
					/usr/include/libxml2,
				);
				INFOPLIST_FILE = Meizi/Info.plist;
				IPHONEOS_DEPLOYMENT_TARGET = 8.0;
				LD_RUNPATH_SEARCH_PATHS = "$(inherited) @executable_path/Frameworks";
				PRODUCT_BUNDLE_IDENTIFIER = com.zcill.Meizi;
				PRODUCT_NAME = "$(TARGET_NAME)";
				SWIFT_OBJC_BRIDGING_HEADER = "Meizi/Classes/Meizi-Bridging-Header.h";
			};
			name = Release;
		};
		4C1A5CA31C3C214600A1DF98 /* Debug */ = {
			isa = XCBuildConfiguration;
			buildSettings = {
				BUNDLE_LOADER = "$(TEST_HOST)";
				INFOPLIST_FILE = MeiziTests/Info.plist;
				LD_RUNPATH_SEARCH_PATHS = "$(inherited) @executable_path/Frameworks @loader_path/Frameworks";
				PRODUCT_BUNDLE_IDENTIFIER = com.zcill.MeiziTests;
				PRODUCT_NAME = "$(TARGET_NAME)";
				TEST_HOST = "$(BUILT_PRODUCTS_DIR)/Meizi.app/Meizi";
			};
			name = Debug;
		};
		4C1A5CA41C3C214600A1DF98 /* Release */ = {
			isa = XCBuildConfiguration;
			buildSettings = {
				BUNDLE_LOADER = "$(TEST_HOST)";
				INFOPLIST_FILE = MeiziTests/Info.plist;
				LD_RUNPATH_SEARCH_PATHS = "$(inherited) @executable_path/Frameworks @loader_path/Frameworks";
				PRODUCT_BUNDLE_IDENTIFIER = com.zcill.MeiziTests;
				PRODUCT_NAME = "$(TARGET_NAME)";
				TEST_HOST = "$(BUILT_PRODUCTS_DIR)/Meizi.app/Meizi";
			};
			name = Release;
		};
		4C1A5CA61C3C214600A1DF98 /* Debug */ = {
			isa = XCBuildConfiguration;
			buildSettings = {
				INFOPLIST_FILE = MeiziUITests/Info.plist;
				LD_RUNPATH_SEARCH_PATHS = "$(inherited) @executable_path/Frameworks @loader_path/Frameworks";
				PRODUCT_BUNDLE_IDENTIFIER = com.zcill.MeiziUITests;
				PRODUCT_NAME = "$(TARGET_NAME)";
				TEST_TARGET_NAME = Meizi;
				USES_XCTRUNNER = YES;
			};
			name = Debug;
		};
		4C1A5CA71C3C214600A1DF98 /* Release */ = {
			isa = XCBuildConfiguration;
			buildSettings = {
				INFOPLIST_FILE = MeiziUITests/Info.plist;
				LD_RUNPATH_SEARCH_PATHS = "$(inherited) @executable_path/Frameworks @loader_path/Frameworks";
				PRODUCT_BUNDLE_IDENTIFIER = com.zcill.MeiziUITests;
				PRODUCT_NAME = "$(TARGET_NAME)";
				TEST_TARGET_NAME = Meizi;
				USES_XCTRUNNER = YES;
			};
			name = Release;
		};
/* End XCBuildConfiguration section */

/* Begin XCConfigurationList section */
		4C1A5C6D1C3C214600A1DF98 /* Build configuration list for PBXProject "Meizi" */ = {
			isa = XCConfigurationList;
			buildConfigurations = (
				4C1A5C9D1C3C214600A1DF98 /* Debug */,
				4C1A5C9E1C3C214600A1DF98 /* Release */,
			);
			defaultConfigurationIsVisible = 0;
			defaultConfigurationName = Release;
		};
		4C1A5C9F1C3C214600A1DF98 /* Build configuration list for PBXNativeTarget "Meizi" */ = {
			isa = XCConfigurationList;
			buildConfigurations = (
				4C1A5CA01C3C214600A1DF98 /* Debug */,
				4C1A5CA11C3C214600A1DF98 /* Release */,
			);
			defaultConfigurationIsVisible = 0;
			defaultConfigurationName = Release;
		};
		4C1A5CA21C3C214600A1DF98 /* Build configuration list for PBXNativeTarget "MeiziTests" */ = {
			isa = XCConfigurationList;
			buildConfigurations = (
				4C1A5CA31C3C214600A1DF98 /* Debug */,
				4C1A5CA41C3C214600A1DF98 /* Release */,
			);
			defaultConfigurationIsVisible = 0;
			defaultConfigurationName = Release;
		};
		4C1A5CA51C3C214600A1DF98 /* Build configuration list for PBXNativeTarget "MeiziUITests" */ = {
			isa = XCConfigurationList;
			buildConfigurations = (
				4C1A5CA61C3C214600A1DF98 /* Debug */,
				4C1A5CA71C3C214600A1DF98 /* Release */,
			);
			defaultConfigurationIsVisible = 0;
			defaultConfigurationName = Release;
		};
/* End XCConfigurationList section */
	};
	rootObject = 4C1A5C6A1C3C214600A1DF98 /* Project object */;
}
