PODS:
  - AVOSCloud (3.2.1)
  - ChameleonFramework (2.0.6):
    - ChameleonFramework/Default (= 2.0.6)
  - ChameleonFramework/Default (2.0.6)
  - Crashlytics (3.4.1):
    - Fabric (~> 1.6.0)
  - CRToast (0.0.9)
  - Fabric (1.6.1)
  - MJRefresh (3.0.7)
  - Realm (0.97.0):
    - Realm/Headers (= 0.97.0)
  - Realm/Headers (0.97.0)
  - SCLAlertView-Objective-C (0.8.0)
  - SDCycleScrollView (1.6):
    - SDWebImage (~> 3.7)
  - SDWebImage (3.7.3):
    - SDWebImage/Core (= 3.7.3)
  - SDWebImage/Core (3.7.3)
  - SIAlertView (1.3)
  - UMengAnalytics (3.6.6)

DEPENDENCIES:
  - AVOSCloud
  - ChameleonFramework
  - Crashlytics
  - CRToast (~> 0.0.7)
  - Fabric
  - MJRefresh
  - Realm
  - SCLAlertView-Objective-C
  - SDCycleScrollView (~> 1.6)
  - SDWebImage
  - SIAlertView
  - UMengAnalytics

SPEC CHECKSUMS:
  AVOSCloud: 770f086cf05983fa09a0781d852499fa452244a9
  ChameleonFramework: a6b466873ff9a4ce3a5196c20bccf1a97ad9f446
  Crashlytics: 41574a245bc6ae10c55d57f385ebd2004e5bee05
  CRToast: 5a78c22b921c5ed3487488af605bc403a9c92fed
  Fabric: bf0ceb04e7c924090efc5f8c55e4fbcca189e0a0
  MJRefresh: f3e1228ec3d38c7ba5208d58032631a52f39f495
  Realm: b498a6fb9d288b171ff98d0e2d4384c295be8990
  SCLAlertView-Objective-C: bf3590d5c8cf0fcf49f63f82fb3e4a78b545f7bb
  SDCycleScrollView: 436ccec76258f9f280365af5c07b289a71382601
  SDWebImage: 1d2b1a1efda1ade1b00b6f8498865f8ddedc8a84
  SIAlertView: 20c794b55eaf44d888773ea51647cf8907723919
  UMengAnalytics: 4bf831415146b9c57cb10be65fbd43462ef8cf65

COCOAPODS: 0.39.0
