PODS:
  - AFNetworking (3.0.4):
    - AFNetworking/NSURLSession (= 3.0.4)
    - AFNetworking/Reachability (= 3.0.4)
    - AFNetworking/Security (= 3.0.4)
    - AFNetworking/Serialization (= 3.0.4)
    - AFNetworking/UIKit (= 3.0.4)
  - AFNetworking/NSURLSession (3.0.4):
    - AFNetworking/Reachability
    - AFNetworking/Security
    - AFNetworking/Serialization
  - AFNetworking/Reachability (3.0.4)
  - AFNetworking/Security (3.0.4)
  - AFNetworking/Serialization (3.0.4)
  - AFNetworking/UIKit (3.0.4):
    - AFNetworking/NSURLSession
  - ChameleonFramework (2.0.6):
    - ChameleonFramework/Default (= 2.0.6)
  - ChameleonFramework/Default (2.0.6)
  - Crashlytics (3.4.1):
    - Fabric (~> 1.6.0)
  - Fabric (1.6.1)
  - GDataXML-HTML (1.3.0)
  - LMDropdownView (1.0.2)
  - MJRefresh (3.0.7)
  - SCLAlertView-Objective-C (0.7.9)
  - SDWebImage (3.7.3):
    - SDWebImage/Core (= 3.7.3)
  - SDWebImage/Core (3.7.3)
  - SIAlertView (1.3)

DEPENDENCIES:
  - AFNetworking
  - ChameleonFramework
  - Crashlytics
  - Fabric
  - GDataXML-HTML (~> 1.3.0)
  - LMDropdownView
  - MJRefresh
  - SCLAlertView-Objective-C
  - SDWebImage
  - SIAlertView

SPEC CHECKSUMS:
  AFNetworking: a0075feb321559dc78d9d85b55d11caa19eabb93
  ChameleonFramework: a6b466873ff9a4ce3a5196c20bccf1a97ad9f446
  Crashlytics: 41574a245bc6ae10c55d57f385ebd2004e5bee05
  Fabric: bf0ceb04e7c924090efc5f8c55e4fbcca189e0a0
  GDataXML-HTML: 7adc03668cab35c288f1dbb8929a179f0fece898
  LMDropdownView: 50188c9678eab3690153993d1824b7235d9b7edc
  MJRefresh: f3e1228ec3d38c7ba5208d58032631a52f39f495
  SCLAlertView-Objective-C: e36ab12dc1ec4ff6f932888083b21d71a3a1ad23
  SDWebImage: 1d2b1a1efda1ade1b00b6f8498865f8ddedc8a84
  SIAlertView: 20c794b55eaf44d888773ea51647cf8907723919

COCOAPODS: 0.39.0
